
Microsoft Visual Studio Solution File, Format Version 12.00
# Visual Studio Version 17
VisualStudioVersion = 17.6.33723.286
MinimumVisualStudioVersion = 10.0.40219.1
Project("{FAE04EC0-301F-11D3-BF4B-00C04F79EFBC}") = "BoxOfT", "Box\BoxOfT.csproj", "{6257A80C-2425-4ACA-BE7B-465FA9F7430D}"
EndProject
Project("{FAE04EC0-301F-11D3-BF4B-00C04F79EFBC}") = "GenericArrayCreator", "Array Creator\GenericArrayCreator.csproj", "{832EB801-880E-4D5F-A1DB-DA668F12B339}"
EndProject
Project("{FAE04EC0-301F-11D3-BF4B-00C04F79EFBC}") = "GenericScale", "Generic Scale\GenericScale.csproj", "{5D0CB051-D39A-44E7-9C1F-2A59C7A5FE2A}"
EndProject
Global
	GlobalSection(SolutionConfigurationPlatforms) = preSolution
		Debug|Any CPU = Debug|Any CPU
		Release|Any CPU = Release|Any CPU
	EndGlobalSection
	GlobalSection(ProjectConfigurationPlatforms) = postSolution
		{6257A80C-2425-4ACA-BE7B-465FA9F7430D}.Debug|Any CPU.ActiveCfg = Debug|Any CPU
		{6257A80C-2425-4ACA-BE7B-465FA9F7430D}.Debug|Any CPU.Build.0 = Debug|Any CPU
		{6257A80C-2425-4ACA-BE7B-465FA9F7430D}.Release|Any CPU.ActiveCfg = Release|Any CPU
		{6257A80C-2425-4ACA-BE7B-465FA9F7430D}.Release|Any CPU.Build.0 = Release|Any CPU
		{832EB801-880E-4D5F-A1DB-DA668F12B339}.Debug|Any CPU.ActiveCfg = Debug|Any CPU
		{832EB801-880E-4D5F-A1DB-DA668F12B339}.Debug|Any CPU.Build.0 = Debug|Any CPU
		{832EB801-880E-4D5F-A1DB-DA668F12B339}.Release|Any CPU.ActiveCfg = Release|Any CPU
		{832EB801-880E-4D5F-A1DB-DA668F12B339}.Release|Any CPU.Build.0 = Release|Any CPU
		{5D0CB051-D39A-44E7-9C1F-2A59C7A5FE2A}.Debug|Any CPU.ActiveCfg = Debug|Any CPU
		{5D0CB051-D39A-44E7-9C1F-2A59C7A5FE2A}.Debug|Any CPU.Build.0 = Debug|Any CPU
		{5D0CB051-D39A-44E7-9C1F-2A59C7A5FE2A}.Release|Any CPU.ActiveCfg = Release|Any CPU
		{5D0CB051-D39A-44E7-9C1F-2A59C7A5FE2A}.Release|Any CPU.Build.0 = Release|Any CPU
	EndGlobalSection
	GlobalSection(SolutionProperties) = preSolution
		HideSolutionNode = FALSE
	EndGlobalSection
	GlobalSection(ExtensibilityGlobals) = postSolution
		SolutionGuid = {62CDAD93-E883-41A0-824B-7A92E3CE9ACB}
	EndGlobalSection
EndGlobal
