
Microsoft Visual Studio Solution File, Format Version 12.00
# Visual Studio Version 17
VisualStudioVersion = 17.6.33723.286
MinimumVisualStudioVersion = 10.0.40219.1
Project("{9A19103F-16F7-4668-BE54-9A1E7A4F7556}") = "DefineaClassPerson", "DefineaClassPerson\DefineaClassPerson.csproj", "{059549CD-1D18-445F-BC86-E859E89DDE20}"
EndProject
Project("{9A19103F-16F7-4668-BE54-9A1E7A4F7556}") = "DateModifier", "DateModifier\DateModifier.csproj", "{198F5E80-F7F9-477F-9856-4A9363FDD2C7}"
EndProject
Project("{9A19103F-16F7-4668-BE54-9A1E7A4F7556}") = "rawData", "rawData\rawData.csproj", "{E12BDA4F-A618-4EB8-A11F-67C03785D489}"
EndProject
Project("{FAE04EC0-301F-11D3-BF4B-00C04F79EFBC}") = "speedRacing", "speedRacing\speedRacing.csproj", "{D56EA34F-9885-472B-A4C9-0F4263A6E04A}"
EndProject
Global
	GlobalSection(SolutionConfigurationPlatforms) = preSolution
		Debug|Any CPU = Debug|Any CPU
		Release|Any CPU = Release|Any CPU
	EndGlobalSection
	GlobalSection(ProjectConfigurationPlatforms) = postSolution
		{059549CD-1D18-445F-BC86-E859E89DDE20}.Debug|Any CPU.ActiveCfg = Debug|Any CPU
		{059549CD-1D18-445F-BC86-E859E89DDE20}.Debug|Any CPU.Build.0 = Debug|Any CPU
		{059549CD-1D18-445F-BC86-E859E89DDE20}.Release|Any CPU.ActiveCfg = Release|Any CPU
		{059549CD-1D18-445F-BC86-E859E89DDE20}.Release|Any CPU.Build.0 = Release|Any CPU
		{198F5E80-F7F9-477F-9856-4A9363FDD2C7}.Debug|Any CPU.ActiveCfg = Debug|Any CPU
		{198F5E80-F7F9-477F-9856-4A9363FDD2C7}.Debug|Any CPU.Build.0 = Debug|Any CPU
		{198F5E80-F7F9-477F-9856-4A9363FDD2C7}.Release|Any CPU.ActiveCfg = Release|Any CPU
		{198F5E80-F7F9-477F-9856-4A9363FDD2C7}.Release|Any CPU.Build.0 = Release|Any CPU
		{E12BDA4F-A618-4EB8-A11F-67C03785D489}.Debug|Any CPU.ActiveCfg = Debug|Any CPU
		{E12BDA4F-A618-4EB8-A11F-67C03785D489}.Debug|Any CPU.Build.0 = Debug|Any CPU
		{E12BDA4F-A618-4EB8-A11F-67C03785D489}.Release|Any CPU.ActiveCfg = Release|Any CPU
		{E12BDA4F-A618-4EB8-A11F-67C03785D489}.Release|Any CPU.Build.0 = Release|Any CPU
		{D56EA34F-9885-472B-A4C9-0F4263A6E04A}.Debug|Any CPU.ActiveCfg = Debug|Any CPU
		{D56EA34F-9885-472B-A4C9-0F4263A6E04A}.Debug|Any CPU.Build.0 = Debug|Any CPU
		{D56EA34F-9885-472B-A4C9-0F4263A6E04A}.Release|Any CPU.ActiveCfg = Release|Any CPU
		{D56EA34F-9885-472B-A4C9-0F4263A6E04A}.Release|Any CPU.Build.0 = Release|Any CPU
	EndGlobalSection
	GlobalSection(SolutionProperties) = preSolution
		HideSolutionNode = FALSE
	EndGlobalSection
	GlobalSection(ExtensibilityGlobals) = postSolution
		SolutionGuid = {3A865DD9-B324-46CD-A233-81239FCEC9D1}
	EndGlobalSection
EndGlobal
