
Microsoft Visual Studio Solution File, Format Version 12.00
# Visual Studio Version 16
VisualStudioVersion = 16.0.33214.272
MinimumVisualStudioVersion = 10.0.40219.1
Project("{FAE04EC0-301F-11D3-BF4B-00C04F79EFBC}") = "Stack and Quaues", "Stack and Quaues\Stack and Quaues.csproj", "{0B043F80-7B34-4A01-B08A-5FBEF00A30D3}"
EndProject
Project("{FAE04EC0-301F-11D3-BF4B-00C04F79EFBC}") = "02. Basic Queue Operations", "02. Basic Queue Operations\02. Basic Queue Operations.csproj", "{2152F88A-5E36-4657-A61D-149014931C90}"
EndProject
Project("{FAE04EC0-301F-11D3-BF4B-00C04F79EFBC}") = "03. Maximum and Minimum Element", "03. Maximum and Minimum Element\03. Maximum and Minimum Element.csproj", "{4D0F94EF-F53F-49AA-99A4-D0AC82BBC1B4}"
EndProject
Project("{FAE04EC0-301F-11D3-BF4B-00C04F79EFBC}") = "04. Fast Food", "04. Fast Food\04. Fast Food.csproj", "{0484163E-B0A7-463B-A2D8-C3F84D598209}"
EndProject
Project("{FAE04EC0-301F-11D3-BF4B-00C04F79EFBC}") = "05. Fashion Boutique", "05. Fashion Boutique\05. Fashion Boutique.csproj", "{CC56F0AB-502F-4F31-BA9B-E0AC4BE07AE5}"
EndProject
Project("{FAE04EC0-301F-11D3-BF4B-00C04F79EFBC}") = "06. Songs Queue", "06. Songs Queue\06. Songs Queue.csproj", "{2301A434-6852-4A2C-9128-7B3ADD4928B1}"
EndProject
Project("{FAE04EC0-301F-11D3-BF4B-00C04F79EFBC}") = "07. Truck Tour", "07. Truck Tour\07. Truck Tour.csproj", "{811175CE-203E-497B-B4E7-68C8C99F3368}"
EndProject
Project("{FAE04EC0-301F-11D3-BF4B-00C04F79EFBC}") = "08. Balanced Parenthesis", "08. Balanced Parenthesis\08. Balanced Parenthesis.csproj", "{B7900727-67D2-4C67-AB7B-742CCB537FDD}"
EndProject
Project("{FAE04EC0-301F-11D3-BF4B-00C04F79EFBC}") = "09. Simple Text Editor", "09. Simple Text Editor\09. Simple Text Editor.csproj", "{ACF3E388-5D11-4A38-9CAB-CAC9E4548636}"
EndProject
Project("{FAE04EC0-301F-11D3-BF4B-00C04F79EFBC}") = "10. Crossroads", "10. Crossroads\10. Crossroads.csproj", "{452B4C73-3A7B-493D-81C6-8C40BA8BE433}"
EndProject
Project("{FAE04EC0-301F-11D3-BF4B-00C04F79EFBC}") = "11. Key Revolver", "11. Key Revolver\11. Key Revolver.csproj", "{D35EC92D-CD51-4B06-9610-CB683FE27695}"
EndProject
Project("{FAE04EC0-301F-11D3-BF4B-00C04F79EFBC}") = "12. Cups and Bottles", "12. Cups and Bottles\12. Cups and Bottles.csproj", "{E58D4179-F776-43ED-8AE1-D3FAE6B740B8}"
EndProject
Global
	GlobalSection(SolutionConfigurationPlatforms) = preSolution
		Debug|Any CPU = Debug|Any CPU
		Release|Any CPU = Release|Any CPU
	EndGlobalSection
	GlobalSection(ProjectConfigurationPlatforms) = postSolution
		{0B043F80-7B34-4A01-B08A-5FBEF00A30D3}.Debug|Any CPU.ActiveCfg = Debug|Any CPU
		{0B043F80-7B34-4A01-B08A-5FBEF00A30D3}.Debug|Any CPU.Build.0 = Debug|Any CPU
		{0B043F80-7B34-4A01-B08A-5FBEF00A30D3}.Release|Any CPU.ActiveCfg = Release|Any CPU
		{0B043F80-7B34-4A01-B08A-5FBEF00A30D3}.Release|Any CPU.Build.0 = Release|Any CPU
		{2152F88A-5E36-4657-A61D-149014931C90}.Debug|Any CPU.ActiveCfg = Debug|Any CPU
		{2152F88A-5E36-4657-A61D-149014931C90}.Debug|Any CPU.Build.0 = Debug|Any CPU
		{2152F88A-5E36-4657-A61D-149014931C90}.Release|Any CPU.ActiveCfg = Release|Any CPU
		{2152F88A-5E36-4657-A61D-149014931C90}.Release|Any CPU.Build.0 = Release|Any CPU
		{4D0F94EF-F53F-49AA-99A4-D0AC82BBC1B4}.Debug|Any CPU.ActiveCfg = Debug|Any CPU
		{4D0F94EF-F53F-49AA-99A4-D0AC82BBC1B4}.Debug|Any CPU.Build.0 = Debug|Any CPU
		{4D0F94EF-F53F-49AA-99A4-D0AC82BBC1B4}.Release|Any CPU.ActiveCfg = Release|Any CPU
		{4D0F94EF-F53F-49AA-99A4-D0AC82BBC1B4}.Release|Any CPU.Build.0 = Release|Any CPU
		{0484163E-B0A7-463B-A2D8-C3F84D598209}.Debug|Any CPU.ActiveCfg = Debug|Any CPU
		{0484163E-B0A7-463B-A2D8-C3F84D598209}.Debug|Any CPU.Build.0 = Debug|Any CPU
		{0484163E-B0A7-463B-A2D8-C3F84D598209}.Release|Any CPU.ActiveCfg = Release|Any CPU
		{0484163E-B0A7-463B-A2D8-C3F84D598209}.Release|Any CPU.Build.0 = Release|Any CPU
		{CC56F0AB-502F-4F31-BA9B-E0AC4BE07AE5}.Debug|Any CPU.ActiveCfg = Debug|Any CPU
		{CC56F0AB-502F-4F31-BA9B-E0AC4BE07AE5}.Debug|Any CPU.Build.0 = Debug|Any CPU
		{CC56F0AB-502F-4F31-BA9B-E0AC4BE07AE5}.Release|Any CPU.ActiveCfg = Release|Any CPU
		{CC56F0AB-502F-4F31-BA9B-E0AC4BE07AE5}.Release|Any CPU.Build.0 = Release|Any CPU
		{2301A434-6852-4A2C-9128-7B3ADD4928B1}.Debug|Any CPU.ActiveCfg = Debug|Any CPU
		{2301A434-6852-4A2C-9128-7B3ADD4928B1}.Debug|Any CPU.Build.0 = Debug|Any CPU
		{2301A434-6852-4A2C-9128-7B3ADD4928B1}.Release|Any CPU.ActiveCfg = Release|Any CPU
		{2301A434-6852-4A2C-9128-7B3ADD4928B1}.Release|Any CPU.Build.0 = Release|Any CPU
		{811175CE-203E-497B-B4E7-68C8C99F3368}.Debug|Any CPU.ActiveCfg = Debug|Any CPU
		{811175CE-203E-497B-B4E7-68C8C99F3368}.Debug|Any CPU.Build.0 = Debug|Any CPU
		{811175CE-203E-497B-B4E7-68C8C99F3368}.Release|Any CPU.ActiveCfg = Release|Any CPU
		{811175CE-203E-497B-B4E7-68C8C99F3368}.Release|Any CPU.Build.0 = Release|Any CPU
		{B7900727-67D2-4C67-AB7B-742CCB537FDD}.Debug|Any CPU.ActiveCfg = Debug|Any CPU
		{B7900727-67D2-4C67-AB7B-742CCB537FDD}.Debug|Any CPU.Build.0 = Debug|Any CPU
		{B7900727-67D2-4C67-AB7B-742CCB537FDD}.Release|Any CPU.ActiveCfg = Release|Any CPU
		{B7900727-67D2-4C67-AB7B-742CCB537FDD}.Release|Any CPU.Build.0 = Release|Any CPU
		{ACF3E388-5D11-4A38-9CAB-CAC9E4548636}.Debug|Any CPU.ActiveCfg = Debug|Any CPU
		{ACF3E388-5D11-4A38-9CAB-CAC9E4548636}.Debug|Any CPU.Build.0 = Debug|Any CPU
		{ACF3E388-5D11-4A38-9CAB-CAC9E4548636}.Release|Any CPU.ActiveCfg = Release|Any CPU
		{ACF3E388-5D11-4A38-9CAB-CAC9E4548636}.Release|Any CPU.Build.0 = Release|Any CPU
		{452B4C73-3A7B-493D-81C6-8C40BA8BE433}.Debug|Any CPU.ActiveCfg = Debug|Any CPU
		{452B4C73-3A7B-493D-81C6-8C40BA8BE433}.Debug|Any CPU.Build.0 = Debug|Any CPU
		{452B4C73-3A7B-493D-81C6-8C40BA8BE433}.Release|Any CPU.ActiveCfg = Release|Any CPU
		{452B4C73-3A7B-493D-81C6-8C40BA8BE433}.Release|Any CPU.Build.0 = Release|Any CPU
		{D35EC92D-CD51-4B06-9610-CB683FE27695}.Debug|Any CPU.ActiveCfg = Debug|Any CPU
		{D35EC92D-CD51-4B06-9610-CB683FE27695}.Debug|Any CPU.Build.0 = Debug|Any CPU
		{D35EC92D-CD51-4B06-9610-CB683FE27695}.Release|Any CPU.ActiveCfg = Release|Any CPU
		{D35EC92D-CD51-4B06-9610-CB683FE27695}.Release|Any CPU.Build.0 = Release|Any CPU
		{E58D4179-F776-43ED-8AE1-D3FAE6B740B8}.Debug|Any CPU.ActiveCfg = Debug|Any CPU
		{E58D4179-F776-43ED-8AE1-D3FAE6B740B8}.Debug|Any CPU.Build.0 = Debug|Any CPU
		{E58D4179-F776-43ED-8AE1-D3FAE6B740B8}.Release|Any CPU.ActiveCfg = Release|Any CPU
		{E58D4179-F776-43ED-8AE1-D3FAE6B740B8}.Release|Any CPU.Build.0 = Release|Any CPU
	EndGlobalSection
	GlobalSection(SolutionProperties) = preSolution
		HideSolutionNode = FALSE
	EndGlobalSection
	GlobalSection(ExtensibilityGlobals) = postSolution
		SolutionGuid = {012913D6-8AF3-43D8-9F2A-BD7FF0C95CAC}
	EndGlobalSection
EndGlobal
